<Solution>
  <Folder Name="/src/">
    <Project Path="src/WeatherBot.Application/WeatherBot.Application.csproj" />
    <Project Path="src/WeatherBot.Contracts/WeatherBot.Contracts.csproj" />
    <Project Path="src/WeatherBot.Domain/WeatherBot.Domain.csproj" />
    <Project Path="src/WeatherBot.Infrastructure/WeatherBot.Infrastructure.csproj" />
    <Project Path="src/WeatherBot.Web/WeatherBot.Web.csproj" />
  </Folder>
</Solution>
